
Microsoft Visual Studio Solution File, Format Version 12.00
# Visual Studio 14
VisualStudioVersion = 14.0.22823.1
MinimumVisualStudioVersion = 10.0.40219.1
Project("{FAE04EC0-301F-11D3-BF4B-00C04F79EFBC}") = "LsdFrontend", "LsdFrontend\LsdFrontend.csproj", "{79C92182-7721-4B60-8EA5-35F1266192C5}"
	ProjectSection(ProjectDependencies) = postProject
		{7E73F2D1-07CF-4C9F-B1EF-BEBC5E5209C8} = {7E73F2D1-07CF-4C9F-B1EF-BEBC5E5209C8}
	EndProjectSection
EndProject
Project("{FAE04EC0-301F-11D3-BF4B-00C04F79EFBC}") = "LsdLibrary", "LsdLibrary\LsdLibrary.csproj", "{7E73F2D1-07CF-4C9F-B1EF-BEBC5E5209C8}"
EndProject
Project("{FAE04EC0-301F-11D3-BF4B-00C04F79EFBC}") = "LsdLibraryTests", "LsdLibraryTests\LsdLibraryTests.csproj", "{950439F6-6E98-491E-8825-8FF57B7D337F}"
EndProject
Global
	GlobalSection(SolutionConfigurationPlatforms) = preSolution
		Debug|Any CPU = Debug|Any CPU
		Release|Any CPU = Release|Any CPU
	EndGlobalSection
	GlobalSection(ProjectConfigurationPlatforms) = postSolution
		{79C92182-7721-4B60-8EA5-35F1266192C5}.Debug|Any CPU.ActiveCfg = Debug|Any CPU
		{79C92182-7721-4B60-8EA5-35F1266192C5}.Debug|Any CPU.Build.0 = Debug|Any CPU
		{79C92182-7721-4B60-8EA5-35F1266192C5}.Release|Any CPU.ActiveCfg = Release|Any CPU
		{79C92182-7721-4B60-8EA5-35F1266192C5}.Release|Any CPU.Build.0 = Release|Any CPU
		{7E73F2D1-07CF-4C9F-B1EF-BEBC5E5209C8}.Debug|Any CPU.ActiveCfg = Debug|Any CPU
		{7E73F2D1-07CF-4C9F-B1EF-BEBC5E5209C8}.Debug|Any CPU.Build.0 = Debug|Any CPU
		{7E73F2D1-07CF-4C9F-B1EF-BEBC5E5209C8}.Release|Any CPU.ActiveCfg = Release|Any CPU
		{7E73F2D1-07CF-4C9F-B1EF-BEBC5E5209C8}.Release|Any CPU.Build.0 = Release|Any CPU
		{950439F6-6E98-491E-8825-8FF57B7D337F}.Debug|Any CPU.ActiveCfg = Debug|Any CPU
		{950439F6-6E98-491E-8825-8FF57B7D337F}.Debug|Any CPU.Build.0 = Debug|Any CPU
		{950439F6-6E98-491E-8825-8FF57B7D337F}.Release|Any CPU.ActiveCfg = Release|Any CPU
		{950439F6-6E98-491E-8825-8FF57B7D337F}.Release|Any CPU.Build.0 = Release|Any CPU
	EndGlobalSection
	GlobalSection(SolutionProperties) = preSolution
		HideSolutionNode = FALSE
	EndGlobalSection
EndGlobal
